// !$*UTF8*$!
{
	archiveVersion = 1;
	classes = {
	};
	objectVersion = 55;
	objects = {

/* Begin PBXBuildFile section */
		F420405027F61A1700C08191 /* AppDelegate.swift in Sources */ = {isa = PBXBuildFile; fileRef = F420404F27F61A1700C08191 /* AppDelegate.swift */; };
		F420405227F61A1700C08191 /* SceneDelegate.swift in Sources */ = {isa = PBXBuildFile; fileRef = F420405127F61A1700C08191 /* SceneDelegate.swift */; };
		F420405727F61A1700C08191 /* Main.storyboard in Resources */ = {isa = PBXBuildFile; fileRef = F420405527F61A1700C08191 /* Main.storyboard */; };
		F420405927F61A1800C08191 /* Assets.xcassets in Resources */ = {isa = PBXBuildFile; fileRef = F420405827F61A1800C08191 /* Assets.xcassets */; };
		F420405C27F61A1800C08191 /* LaunchScreen.storyboard in Resources */ = {isa = PBXBuildFile; fileRef = F420405A27F61A1800C08191 /* LaunchScreen.storyboard */; };
		F424686827FB7B93004810FB /* RootTableViewController.swift in Sources */ = {isa = PBXBuildFile; fileRef = F424686727FB7B93004810FB /* RootTableViewController.swift */; };
		F424686A27FB7BB2004810FB /* SubTableViewController.swift in Sources */ = {isa = PBXBuildFile; fileRef = F424686927FB7BB2004810FB /* SubTableViewController.swift */; };
		F424686C27FCCCCB004810FB /* RootTableViewCell.swift in Sources */ = {isa = PBXBuildFile; fileRef = F424686B27FCCCCB004810FB /* RootTableViewCell.swift */; };
		F424687027FCD00F004810FB /* protocolTask.swift in Sources */ = {isa = PBXBuildFile; fileRef = F424686F27FCD00F004810FB /* protocolTask.swift */; };
		F424687227FCD046004810FB /* classTask.swift in Sources */ = {isa = PBXBuildFile; fileRef = F424687127FCD046004810FB /* classTask.swift */; };
		F424687727FE1E54004810FB /* SubTableViewCell.swift in Sources */ = {isa = PBXBuildFile; fileRef = F424687627FE1E54004810FB /* SubTableViewCell.swift */; };
/* End PBXBuildFile section */

/* Begin PBXFileReference section */
		F420404C27F61A1700C08191 /* Composite.app */ = {isa = PBXFileReference; explicitFileType = wrapper.application; includeInIndex = 0; path = Composite.app; sourceTree = BUILT_PRODUCTS_DIR; };
		F420404F27F61A1700C08191 /* AppDelegate.swift */ = {isa = PBXFileReference; lastKnownFileType = sourcecode.swift; path = AppDelegate.swift; sourceTree = "<group>"; };
		F420405127F61A1700C08191 /* SceneDelegate.swift */ = {isa = PBXFileReference; lastKnownFileType = sourcecode.swift; path = SceneDelegate.swift; sourceTree = "<group>"; };
		F420405627F61A1700C08191 /* Base */ = {isa = PBXFileReference; lastKnownFileType = file.storyboard; name = Base; path = Base.lproj/Main.storyboard; sourceTree = "<group>"; };
		F420405827F61A1800C08191 /* Assets.xcassets */ = {isa = PBXFileReference; lastKnownFileType = folder.assetcatalog; path = Assets.xcassets; sourceTree = "<group>"; };
		F420405B27F61A1800C08191 /* Base */ = {isa = PBXFileReference; lastKnownFileType = file.storyboard; name = Base; path = Base.lproj/LaunchScreen.storyboard; sourceTree = "<group>"; };
		F420405D27F61A1800C08191 /* Info.plist */ = {isa = PBXFileReference; lastKnownFileType = text.plist.xml; path = Info.plist; sourceTree = "<group>"; };
		F424686727FB7B93004810FB /* RootTableViewController.swift */ = {isa = PBXFileReference; lastKnownFileType = sourcecode.swift; path = RootTableViewController.swift; sourceTree = "<group>"; };
		F424686927FB7BB2004810FB /* SubTableViewController.swift */ = {isa = PBXFileReference; lastKnownFileType = sourcecode.swift; path = SubTableViewController.swift; sourceTree = "<group>"; };
		F424686B27FCCCCB004810FB /* RootTableViewCell.swift */ = {isa = PBXFileReference; lastKnownFileType = sourcecode.swift; path = RootTableViewCell.swift; sourceTree = "<group>"; };
		F424686F27FCD00F004810FB /* protocolTask.swift */ = {isa = PBXFileReference; lastKnownFileType = sourcecode.swift; path = protocolTask.swift; sourceTree = "<group>"; };
		F424687127FCD046004810FB /* classTask.swift */ = {isa = PBXFileReference; lastKnownFileType = sourcecode.swift; path = classTask.swift; sourceTree = "<group>"; };
		F424687627FE1E54004810FB /* SubTableViewCell.swift */ = {isa = PBXFileReference; lastKnownFileType = sourcecode.swift; path = SubTableViewCell.swift; sourceTree = "<group>"; };
/* End PBXFileReference section */

/* Begin PBXFrameworksBuildPhase section */
		F420404927F61A1700C08191 /* Frameworks */ = {
			isa = PBXFrameworksBuildPhase;
			buildActionMask = 2147483647;
			files = (
			);
			runOnlyForDeploymentPostprocessing = 0;
		};
/* End PBXFrameworksBuildPhase section */

/* Begin PBXGroup section */
		F420404327F61A1700C08191 = {
			isa = PBXGroup;
			children = (
				F420404E27F61A1700C08191 /* Composite */,
				F420404D27F61A1700C08191 /* Products */,
			);
			sourceTree = "<group>";
		};
		F420404D27F61A1700C08191 /* Products */ = {
			isa = PBXGroup;
			children = (
				F420404C27F61A1700C08191 /* Composite.app */,
			);
			name = Products;
			sourceTree = "<group>";
		};
		F420404E27F61A1700C08191 /* Composite */ = {
			isa = PBXGroup;
			children = (
				F424687527FCD408004810FB /* CompositePattern */,
				F424686E27FCCFCB004810FB /* Cell */,
				F424686D27FCCFA6004810FB /* Controller */,
				F420404F27F61A1700C08191 /* AppDelegate.swift */,
				F420405127F61A1700C08191 /* SceneDelegate.swift */,
				F420405527F61A1700C08191 /* Main.storyboard */,
				F420405827F61A1800C08191 /* Assets.xcassets */,
				F420405A27F61A1800C08191 /* LaunchScreen.storyboard */,
				F420405D27F61A1800C08191 /* Info.plist */,
			);
			path = Composite;
			sourceTree = "<group>";
		};
		F424686D27FCCFA6004810FB /* Controller */ = {
			isa = PBXGroup;
			children = (
				F424686727FB7B93004810FB /* RootTableViewController.swift */,
				F424686927FB7BB2004810FB /* SubTableViewController.swift */,
			);
			path = Controller;
			sourceTree = "<group>";
		};
		F424686E27FCCFCB004810FB /* Cell */ = {
			isa = PBXGroup;
			children = (
				F424686B27FCCCCB004810FB /* RootTableViewCell.swift */,
				F424687627FE1E54004810FB /* SubTableViewCell.swift */,
			);
			path = Cell;
			sourceTree = "<group>";
		};
		F424687527FCD408004810FB /* CompositePattern */ = {
			isa = PBXGroup;
			children = (
				F424686F27FCD00F004810FB /* protocolTask.swift */,
				F424687127FCD046004810FB /* classTask.swift */,
			);
			path = CompositePattern;
			sourceTree = "<group>";
		};
/* End PBXGroup section */

/* Begin PBXNativeTarget section */
		F420404B27F61A1700C08191 /* Composite */ = {
			isa = PBXNativeTarget;
			buildConfigurationList = F420406027F61A1800C08191 /* Build configuration list for PBXNativeTarget "Composite" */;
			buildPhases = (
				F420404827F61A1700C08191 /* Sources */,
				F420404927F61A1700C08191 /* Frameworks */,
				F420404A27F61A1700C08191 /* Resources */,
			);
			buildRules = (
			);
			dependencies = (
			);
			name = Composite;
			productName = Composite;
			productReference = F420404C27F61A1700C08191 /* Composite.app */;
			productType = "com.apple.product-type.application";
		};
/* End PBXNativeTarget section */

/* Begin PBXProject section */
		F420404427F61A1700C08191 /* Project object */ = {
			isa = PBXProject;
			attributes = {
				BuildIndependentTargetsInParallel = 1;
				LastSwiftUpdateCheck = 1310;
				LastUpgradeCheck = 1310;
				TargetAttributes = {
					F420404B27F61A1700C08191 = {
						CreatedOnToolsVersion = 13.1;
					};
				};
			};
			buildConfigurationList = F420404727F61A1700C08191 /* Build configuration list for PBXProject "Composite" */;
			compatibilityVersion = "Xcode 13.0";
			developmentRegion = en;
			hasScannedForEncodings = 0;
			knownRegions = (
				en,
				Base,
			);
			mainGroup = F420404327F61A1700C08191;
			productRefGroup = F420404D27F61A1700C08191 /* Products */;
			projectDirPath = "";
			projectRoot = "";
			targets = (
				F420404B27F61A1700C08191 /* Composite */,
			);
		};
/* End PBXProject section */

/* Begin PBXResourcesBuildPhase section */
		F420404A27F61A1700C08191 /* Resources */ = {
			isa = PBXResourcesBuildPhase;
			buildActionMask = 2147483647;
			files = (
				F420405C27F61A1800C08191 /* LaunchScreen.storyboard in Resources */,
				F420405927F61A1800C08191 /* Assets.xcassets in Resources */,
				F420405727F61A1700C08191 /* Main.storyboard in Resources */,
			);
			runOnlyForDeploymentPostprocessing = 0;
		};
/* End PBXResourcesBuildPhase section */

/* Begin PBXSourcesBuildPhase section */
		F420404827F61A1700C08191 /* Sources */ = {
			isa = PBXSourcesBuildPhase;
			buildActionMask = 2147483647;
			files = (
				F424687027FCD00F004810FB /* protocolTask.swift in Sources */,
				F424686C27FCCCCB004810FB /* RootTableViewCell.swift in Sources */,
				F424686827FB7B93004810FB /* RootTableViewController.swift in Sources */,
				F420405027F61A1700C08191 /* AppDelegate.swift in Sources */,
				F424687227FCD046004810FB /* classTask.swift in Sources */,
				F424686A27FB7BB2004810FB /* SubTableViewController.swift in Sources */,
				F424687727FE1E54004810FB /* SubTableViewCell.swift in Sources */,
				F420405227F61A1700C08191 /* SceneDelegate.swift in Sources */,
			);
			runOnlyForDeploymentPostprocessing = 0;
		};
/* End PBXSourcesBuildPhase section */

/* Begin PBXVariantGroup section */
		F420405527F61A1700C08191 /* Main.storyboard */ = {
			isa = PBXVariantGroup;
			children = (
				F420405627F61A1700C08191 /* Base */,
			);
			name = Main.storyboard;
			sourceTree = "<group>";
		};
		F420405A27F61A1800C08191 /* LaunchScreen.storyboard */ = {
			isa = PBXVariantGroup;
			children = (
				F420405B27F61A1800C08191 /* Base */,
			);
			name = LaunchScreen.storyboard;
			sourceTree = "<group>";
		};
/* End PBXVariantGroup section */

/* Begin XCBuildConfiguration section */
		F420405E27F61A1800C08191 /* Debug */ = {
			isa = XCBuildConfiguration;
			buildSettings = {
				ALWAYS_SEARCH_USER_PATHS = NO;
				CLANG_ANALYZER_NONNULL = YES;
				CLANG_ANALYZER_NUMBER_OBJECT_CONVERSION = YES_AGGRESSIVE;
				CLANG_CXX_LANGUAGE_STANDARD = "gnu++17";
				CLANG_CXX_LIBRARY = "libc++";
				CLANG_ENABLE_MODULES = YES;
				CLANG_ENABLE_OBJC_ARC = YES;
				CLANG_ENABLE_OBJC_WEAK = YES;
				CLANG_WARN_BLOCK_CAPTURE_AUTORELEASING = YES;
				CLANG_WARN_BOOL_CONVERSION = YES;
				CLANG_WARN_COMMA = YES;
				CLANG_WARN_CONSTANT_CONVERSION = YES;
				CLANG_WARN_DEPRECATED_OBJC_IMPLEMENTATIONS = YES;
				CLANG_WARN_DIRECT_OBJC_ISA_USAGE = YES_ERROR;
				CLANG_WARN_DOCUMENTATION_COMMENTS = YES;
				CLANG_WARN_EMPTY_BODY = YES;
				CLANG_WARN_ENUM_CONVERSION = YES;
				CLANG_WARN_INFINITE_RECURSION = YES;
				CLANG_WARN_INT_CONVERSION = YES;
				CLANG_WARN_NON_LITERAL_NULL_CONVERSION = YES;
				CLANG_WARN_OBJC_IMPLICIT_RETAIN_SELF = YES;
				CLANG_WARN_OBJC_LITERAL_CONVERSION = YES;
				CLANG_WARN_OBJC_ROOT_CLASS = YES_ERROR;
				CLANG_WARN_QUOTED_INCLUDE_IN_FRAMEWORK_HEADER = YES;
				CLANG_WARN_RANGE_LOOP_ANALYSIS = YES;
				CLANG_WARN_STRICT_PROTOTYPES = YES;
				CLANG_WARN_SUSPICIOUS_MOVE = YES;
				CLANG_WARN_UNGUARDED_AVAILABILITY = YES_AGGRESSIVE;
				CLANG_WARN_UNREACHABLE_CODE = YES;
				CLANG_WARN__DUPLICATE_METHOD_MATCH = YES;
				COPY_PHASE_STRIP = NO;
				DEBUG_INFORMATION_FORMAT = dwarf;
				ENABLE_STRICT_OBJC_MSGSEND = YES;
				ENABLE_TESTABILITY = YES;
				GCC_C_LANGUAGE_STANDARD = gnu11;
				GCC_DYNAMIC_NO_PIC = NO;
				GCC_NO_COMMON_BLOCKS = YES;
				GCC_OPTIMIZATION_LEVEL = 0;
				GCC_PREPROCESSOR_DEFINITIONS = (
					"DEBUG=1",
					"$(inherited)",
				);
				GCC_WARN_64_TO_32_BIT_CONVERSION = YES;
				GCC_WARN_ABOUT_RETURN_TYPE = YES_ERROR;
				GCC_WARN_UNDECLARED_SELECTOR = YES;
				GCC_WARN_UNINITIALIZED_AUTOS = YES_AGGRESSIVE;
				GCC_WARN_UNUSED_FUNCTION = YES;
				GCC_WARN_UNUSED_VARIABLE = YES;
				IPHONEOS_DEPLOYMENT_TARGET = 15.0;
				MTL_ENABLE_DEBUG_INFO = INCLUDE_SOURCE;
				MTL_FAST_MATH = YES;
				ONLY_ACTIVE_ARCH = YES;
				SDKROOT = iphoneos;
				SWIFT_ACTIVE_COMPILATION_CONDITIONS = DEBUG;
				SWIFT_OPTIMIZATION_LEVEL = "-Onone";
			};
			name = Debug;
		};
		F420405F27F61A1800C08191 /* Release */ = {
			isa = XCBuildConfiguration;
			buildSettings = {
				ALWAYS_SEARCH_USER_PATHS = NO;
				CLANG_ANALYZER_NONNULL = YES;
				CLANG_ANALYZER_NUMBER_OBJECT_CONVERSION = YES_AGGRESSIVE;
				CLANG_CXX_LANGUAGE_STANDARD = "gnu++17";
				CLANG_CXX_LIBRARY = "libc++";
				CLANG_ENABLE_MODULES = YES;
				CLANG_ENABLE_OBJC_ARC = YES;
				CLANG_ENABLE_OBJC_WEAK = YES;
				CLANG_WARN_BLOCK_CAPTURE_AUTORELEASING = YES;
				CLANG_WARN_BOOL_CONVERSION = YES;
				CLANG_WARN_COMMA = YES;
				CLANG_WARN_CONSTANT_CONVERSION = YES;
				CLANG_WARN_DEPRECATED_OBJC_IMPLEMENTATIONS = YES;
				CLANG_WARN_DIRECT_OBJC_ISA_USAGE = YES_ERROR;
				CLANG_WARN_DOCUMENTATION_COMMENTS = YES;
				CLANG_WARN_EMPTY_BODY = YES;
				CLANG_WARN_ENUM_CONVERSION = YES;
				CLANG_WARN_INFINITE_RECURSION = YES;
				CLANG_WARN_INT_CONVERSION = YES;
				CLANG_WARN_NON_LITERAL_NULL_CONVERSION = YES;
				CLANG_WARN_OBJC_IMPLICIT_RETAIN_SELF = YES;
				CLANG_WARN_OBJC_LITERAL_CONVERSION = YES;
				CLANG_WARN_OBJC_ROOT_CLASS = YES_ERROR;
				CLANG_WARN_QUOTED_INCLUDE_IN_FRAMEWORK_HEADER = YES;
				CLANG_WARN_RANGE_LOOP_ANALYSIS = YES;
				CLANG_WARN_STRICT_PROTOTYPES = YES;
				CLANG_WARN_SUSPICIOUS_MOVE = YES;
				CLANG_WARN_UNGUARDED_AVAILABILITY = YES_AGGRESSIVE;
				CLANG_WARN_UNREACHABLE_CODE = YES;
				CLANG_WARN__DUPLICATE_METHOD_MATCH = YES;
				COPY_PHASE_STRIP = NO;
				DEBUG_INFORMATION_FORMAT = "dwarf-with-dsym";
				ENABLE_NS_ASSERTIONS = NO;
				ENABLE_STRICT_OBJC_MSGSEND = YES;
				GCC_C_LANGUAGE_STANDARD = gnu11;
				GCC_NO_COMMON_BLOCKS = YES;
				GCC_WARN_64_TO_32_BIT_CONVERSION = YES;
				GCC_WARN_ABOUT_RETURN_TYPE = YES_ERROR;
				GCC_WARN_UNDECLARED_SELECTOR = YES;
				GCC_WARN_UNINITIALIZED_AUTOS = YES_AGGRESSIVE;
				GCC_WARN_UNUSED_FUNCTION = YES;
				GCC_WARN_UNUSED_VARIABLE = YES;
				IPHONEOS_DEPLOYMENT_TARGET = 15.0;
				MTL_ENABLE_DEBUG_INFO = NO;
				MTL_FAST_MATH = YES;
				SDKROOT = iphoneos;
				SWIFT_COMPILATION_MODE = wholemodule;
				SWIFT_OPTIMIZATION_LEVEL = "-O";
				VALIDATE_PRODUCT = YES;
			};
			name = Release;
		};
		F420406127F61A1800C08191 /* Debug */ = {
			isa = XCBuildConfiguration;
			buildSettings = {
				ASSETCATALOG_COMPILER_APPICON_NAME = AppIcon;
				ASSETCATALOG_COMPILER_GLOBAL_ACCENT_COLOR_NAME = AccentColor;
				CODE_SIGN_STYLE = Automatic;
				CURRENT_PROJECT_VERSION = 1;
				GENERATE_INFOPLIST_FILE = YES;
				INFOPLIST_FILE = Composite/Info.plist;
				INFOPLIST_KEY_UIApplicationSupportsIndirectInputEvents = YES;
				INFOPLIST_KEY_UILaunchStoryboardName = LaunchScreen;
				INFOPLIST_KEY_UIMainStoryboardFile = Main;
				INFOPLIST_KEY_UISupportedInterfaceOrientations_iPad = "UIInterfaceOrientationPortrait UIInterfaceOrientationPortraitUpsideDown UIInterfaceOrientationLandscapeLeft UIInterfaceOrientationLandscapeRight";
				INFOPLIST_KEY_UISupportedInterfaceOrientations_iPhone = "UIInterfaceOrientationPortrait UIInterfaceOrientationLandscapeLeft UIInterfaceOrientationLandscapeRight";
				LD_RUNPATH_SEARCH_PATHS = (
					"$(inherited)",
					"@executable_path/Frameworks",
				);
				MARKETING_VERSION = 1.0;
				PRODUCT_BUNDLE_IDENTIFIER = DV.Composite;
				PRODUCT_NAME = "$(TARGET_NAME)";
				SWIFT_EMIT_LOC_STRINGS = YES;
				SWIFT_VERSION = 5.0;
				TARGETED_DEVICE_FAMILY = "1,2";
			};
			name = Debug;
		};
		F420406227F61A1800C08191 /* Release */ = {
			isa = XCBuildConfiguration;
			buildSettings = {
				ASSETCATALOG_COMPILER_APPICON_NAME = AppIcon;
				ASSETCATALOG_COMPILER_GLOBAL_ACCENT_COLOR_NAME = AccentColor;
				CODE_SIGN_STYLE = Automatic;
				CURRENT_PROJECT_VERSION = 1;
				GENERATE_INFOPLIST_FILE = YES;
				INFOPLIST_FILE = Composite/Info.plist;
				INFOPLIST_KEY_UIApplicationSupportsIndirectInputEvents = YES;
				INFOPLIST_KEY_UILaunchStoryboardName = LaunchScreen;
				INFOPLIST_KEY_UIMainStoryboardFile = Main;
				INFOPLIST_KEY_UISupportedInterfaceOrientations_iPad = "UIInterfaceOrientationPortrait UIInterfaceOrientationPortraitUpsideDown UIInterfaceOrientationLandscapeLeft UIInterfaceOrientationLandscapeRight";
				INFOPLIST_KEY_UISupportedInterfaceOrientations_iPhone = "UIInterfaceOrientationPortrait UIInterfaceOrientationLandscapeLeft UIInterfaceOrientationLandscapeRight";
				LD_RUNPATH_SEARCH_PATHS = (
					"$(inherited)",
					"@executable_path/Frameworks",
				);
				MARKETING_VERSION = 1.0;
				PRODUCT_BUNDLE_IDENTIFIER = DV.Composite;
				PRODUCT_NAME = "$(TARGET_NAME)";
				SWIFT_EMIT_LOC_STRINGS = YES;
				SWIFT_VERSION = 5.0;
				TARGETED_DEVICE_FAMILY = "1,2";
			};
			name = Release;
		};
/* End XCBuildConfiguration section */

/* Begin XCConfigurationList section */
		F420404727F61A1700C08191 /* Build configuration list for PBXProject "Composite" */ = {
			isa = XCConfigurationList;
			buildConfigurations = (
				F420405E27F61A1800C08191 /* Debug */,
				F420405F27F61A1800C08191 /* Release */,
			);
			defaultConfigurationIsVisible = 0;
			defaultConfigurationName = Release;
		};
		F420406027F61A1800C08191 /* Build configuration list for PBXNativeTarget "Composite" */ = {
			isa = XCConfigurationList;
			buildConfigurations = (
				F420406127F61A1800C08191 /* Debug */,
				F420406227F61A1800C08191 /* Release */,
			);
			defaultConfigurationIsVisible = 0;
			defaultConfigurationName = Release;
		};
/* End XCConfigurationList section */
	};
	rootObject = F420404427F61A1700C08191 /* Project object */;
}
